# This file is automatically @generated by Cargo.
# It is not intended for manual editing.
[[package]]
name = "ursa"
version = "0.5.0"

[[package]]
name = "ursa_accumulators"
version = "0.5.0"

[[package]]
name = "ursa_core"
version = "0.5.0"

[[package]]
name = "ursa_encryption"
version = "0.5.0"

[[package]]
name = "ursa_sharing"
version = "0.5.0"

[[package]]
name = "ursa_shortgroupsignatures"
version = "0.5.0"

[[package]]
name = "ursa_signatures"
version = "0.5.0"
